
Microsoft Visual Studio Solution File, Format Version 12.00
# Visual Studio 14
VisualStudioVersion = 14.0.25420.1
MinimumVisualStudioVersion = 10.0.40219.1
Project("{FAE04EC0-301F-11D3-BF4B-00C04F79EFBC}") = "02. Track Downloader", "02. Track Downloader\02. Track Downloader.csproj", "{85A366F4-ADFB-4718-8E90-8BB4AB501606}"
EndProject
Project("{FAE04EC0-301F-11D3-BF4B-00C04F79EFBC}") = "06.  Stuck Zipper", "06.  Stuck Zipper\06.  Stuck Zipper.csproj", "{468EA55D-2175-4159-B2C8-984C11F25739}"
EndProject
Project("{FAE04EC0-301F-11D3-BF4B-00C04F79EFBC}") = "03.Equal Sum After Extraction", "03.Equal Sum After Extraction\03.Equal Sum After Extraction.csproj", "{0A702E1F-82DB-4603-BAE6-58BB2AB1AB01}"
EndProject
Project("{FAE04EC0-301F-11D3-BF4B-00C04F79EFBC}") = "04. Flip List Sides", "04. Flip List Sides\04. Flip List Sides.csproj", "{6D8DF0A1-5D28-45E0-B771-212A589630ED}"
EndProject
Project("{FAE04EC0-301F-11D3-BF4B-00C04F79EFBC}") = "05.Tear List in Half", "05\05.Tear List in Half.csproj", "{74711AAF-7E9E-45DB-86F0-741E4B813C4D}"
EndProject
Project("{FAE04EC0-301F-11D3-BF4B-00C04F79EFBC}") = "01. Remove Elements at Odd Positions", "01. Remove Elements at Odd Positions\01. Remove Elements at Odd Positions.csproj", "{4919103A-7329-4E06-AF28-F28DE9E93955}"
EndProject
Global
	GlobalSection(SolutionConfigurationPlatforms) = preSolution
		Debug|Any CPU = Debug|Any CPU
		Release|Any CPU = Release|Any CPU
	EndGlobalSection
	GlobalSection(ProjectConfigurationPlatforms) = postSolution
		{85A366F4-ADFB-4718-8E90-8BB4AB501606}.Debug|Any CPU.ActiveCfg = Debug|Any CPU
		{85A366F4-ADFB-4718-8E90-8BB4AB501606}.Debug|Any CPU.Build.0 = Debug|Any CPU
		{85A366F4-ADFB-4718-8E90-8BB4AB501606}.Release|Any CPU.ActiveCfg = Release|Any CPU
		{85A366F4-ADFB-4718-8E90-8BB4AB501606}.Release|Any CPU.Build.0 = Release|Any CPU
		{468EA55D-2175-4159-B2C8-984C11F25739}.Debug|Any CPU.ActiveCfg = Debug|Any CPU
		{468EA55D-2175-4159-B2C8-984C11F25739}.Debug|Any CPU.Build.0 = Debug|Any CPU
		{468EA55D-2175-4159-B2C8-984C11F25739}.Release|Any CPU.ActiveCfg = Release|Any CPU
		{468EA55D-2175-4159-B2C8-984C11F25739}.Release|Any CPU.Build.0 = Release|Any CPU
		{0A702E1F-82DB-4603-BAE6-58BB2AB1AB01}.Debug|Any CPU.ActiveCfg = Debug|Any CPU
		{0A702E1F-82DB-4603-BAE6-58BB2AB1AB01}.Debug|Any CPU.Build.0 = Debug|Any CPU
		{0A702E1F-82DB-4603-BAE6-58BB2AB1AB01}.Release|Any CPU.ActiveCfg = Release|Any CPU
		{0A702E1F-82DB-4603-BAE6-58BB2AB1AB01}.Release|Any CPU.Build.0 = Release|Any CPU
		{6D8DF0A1-5D28-45E0-B771-212A589630ED}.Debug|Any CPU.ActiveCfg = Debug|Any CPU
		{6D8DF0A1-5D28-45E0-B771-212A589630ED}.Debug|Any CPU.Build.0 = Debug|Any CPU
		{6D8DF0A1-5D28-45E0-B771-212A589630ED}.Release|Any CPU.ActiveCfg = Release|Any CPU
		{6D8DF0A1-5D28-45E0-B771-212A589630ED}.Release|Any CPU.Build.0 = Release|Any CPU
		{74711AAF-7E9E-45DB-86F0-741E4B813C4D}.Debug|Any CPU.ActiveCfg = Debug|Any CPU
		{74711AAF-7E9E-45DB-86F0-741E4B813C4D}.Debug|Any CPU.Build.0 = Debug|Any CPU
		{74711AAF-7E9E-45DB-86F0-741E4B813C4D}.Release|Any CPU.ActiveCfg = Release|Any CPU
		{74711AAF-7E9E-45DB-86F0-741E4B813C4D}.Release|Any CPU.Build.0 = Release|Any CPU
		{4919103A-7329-4E06-AF28-F28DE9E93955}.Debug|Any CPU.ActiveCfg = Debug|Any CPU
		{4919103A-7329-4E06-AF28-F28DE9E93955}.Debug|Any CPU.Build.0 = Debug|Any CPU
		{4919103A-7329-4E06-AF28-F28DE9E93955}.Release|Any CPU.ActiveCfg = Release|Any CPU
		{4919103A-7329-4E06-AF28-F28DE9E93955}.Release|Any CPU.Build.0 = Release|Any CPU
	EndGlobalSection
	GlobalSection(SolutionProperties) = preSolution
		HideSolutionNode = FALSE
	EndGlobalSection
EndGlobal
