
Microsoft Visual Studio Solution File, Format Version 12.00
# Visual Studio 14
VisualStudioVersion = 14.0.25420.1
MinimumVisualStudioVersion = 10.0.40219.1
Project("{FAE04EC0-301F-11D3-BF4B-00C04F79EFBC}") = "Test", "Test\Test.csproj", "{C30417B9-5E5C-4CF0-B29E-F87C3722C0C0}"
EndProject
Project("{FAE04EC0-301F-11D3-BF4B-00C04F79EFBC}") = "Odd Lines", "Odd Lines\Odd Lines.csproj", "{6FAF36A7-82BE-49F1-9E1C-5C73F0A1ABC1}"
EndProject
Project("{FAE04EC0-301F-11D3-BF4B-00C04F79EFBC}") = "Line Numbers", "Line Numbers\Line Numbers.csproj", "{6F81ACA2-5232-4E4F-8309-8CECA0954F5B}"
EndProject
Global
	GlobalSection(SolutionConfigurationPlatforms) = preSolution
		Debug|Any CPU = Debug|Any CPU
		Release|Any CPU = Release|Any CPU
	EndGlobalSection
	GlobalSection(ProjectConfigurationPlatforms) = postSolution
		{C30417B9-5E5C-4CF0-B29E-F87C3722C0C0}.Debug|Any CPU.ActiveCfg = Debug|Any CPU
		{C30417B9-5E5C-4CF0-B29E-F87C3722C0C0}.Debug|Any CPU.Build.0 = Debug|Any CPU
		{C30417B9-5E5C-4CF0-B29E-F87C3722C0C0}.Release|Any CPU.ActiveCfg = Release|Any CPU
		{C30417B9-5E5C-4CF0-B29E-F87C3722C0C0}.Release|Any CPU.Build.0 = Release|Any CPU
		{6FAF36A7-82BE-49F1-9E1C-5C73F0A1ABC1}.Debug|Any CPU.ActiveCfg = Debug|Any CPU
		{6FAF36A7-82BE-49F1-9E1C-5C73F0A1ABC1}.Debug|Any CPU.Build.0 = Debug|Any CPU
		{6FAF36A7-82BE-49F1-9E1C-5C73F0A1ABC1}.Release|Any CPU.ActiveCfg = Release|Any CPU
		{6FAF36A7-82BE-49F1-9E1C-5C73F0A1ABC1}.Release|Any CPU.Build.0 = Release|Any CPU
		{6F81ACA2-5232-4E4F-8309-8CECA0954F5B}.Debug|Any CPU.ActiveCfg = Debug|Any CPU
		{6F81ACA2-5232-4E4F-8309-8CECA0954F5B}.Debug|Any CPU.Build.0 = Debug|Any CPU
		{6F81ACA2-5232-4E4F-8309-8CECA0954F5B}.Release|Any CPU.ActiveCfg = Release|Any CPU
		{6F81ACA2-5232-4E4F-8309-8CECA0954F5B}.Release|Any CPU.Build.0 = Release|Any CPU
	EndGlobalSection
	GlobalSection(SolutionProperties) = preSolution
		HideSolutionNode = FALSE
	EndGlobalSection
EndGlobal
